
Microsoft Visual Studio Solution File, Format Version 12.00
# Visual Studio Version 17
VisualStudioVersion = 17.14.36301.6 d17.14
MinimumVisualStudioVersion = 10.0.40219.1
Project("{FAE04EC0-301F-11D3-BF4B-00C04F79EFBC}") = "filesc#", "filesc#\filesc#.csproj", "{71B051D0-4DD4-483C-8CB8-00461C89F941}"
EndProject
Global
	GlobalSection(SolutionConfigurationPlatforms) = preSolution
		Debug|Any CPU = Debug|Any CPU
		Release|Any CPU = Release|Any CPU
	EndGlobalSection
	GlobalSection(ProjectConfigurationPlatforms) = postSolution
		{71B051D0-4DD4-483C-8CB8-00461C89F941}.Debug|Any CPU.ActiveCfg = Debug|Any CPU
		{71B051D0-4DD4-483C-8CB8-00461C89F941}.Debug|Any CPU.Build.0 = Debug|Any CPU
		{71B051D0-4DD4-483C-8CB8-00461C89F941}.Release|Any CPU.ActiveCfg = Release|Any CPU
		{71B051D0-4DD4-483C-8CB8-00461C89F941}.Release|Any CPU.Build.0 = Release|Any CPU
	EndGlobalSection
	GlobalSection(SolutionProperties) = preSolution
		HideSolutionNode = FALSE
	EndGlobalSection
	GlobalSection(ExtensibilityGlobals) = postSolution
		SolutionGuid = {9DDD36AD-9B24-4272-9331-EFBDC6E1E3FE}
	EndGlobalSection
EndGlobal
